
Microsoft Visual Studio Solution File, Format Version 12.00
# Visual Studio 15
VisualStudioVersion = 15.0.27428.2043
MinimumVisualStudioVersion = 10.0.40219.1
Project("{FAE04EC0-301F-11D3-BF4B-00C04F79EFBC}") = "TestAdoNet01", "TestAdoNet01\TestAdoNet01.csproj", "{0D6DA259-F2D1-4D85-9AD2-9976E3E0821B}"
EndProject
Global
	GlobalSection(SolutionConfigurationPlatforms) = preSolution
		Debug|Any CPU = Debug|Any CPU
		Release|Any CPU = Release|Any CPU
	EndGlobalSection
	GlobalSection(ProjectConfigurationPlatforms) = postSolution
		{0D6DA259-F2D1-4D85-9AD2-9976E3E0821B}.Debug|Any CPU.ActiveCfg = Debug|Any CPU
		{0D6DA259-F2D1-4D85-9AD2-9976E3E0821B}.Debug|Any CPU.Build.0 = Debug|Any CPU
		{0D6DA259-F2D1-4D85-9AD2-9976E3E0821B}.Release|Any CPU.ActiveCfg = Release|Any CPU
		{0D6DA259-F2D1-4D85-9AD2-9976E3E0821B}.Release|Any CPU.Build.0 = Release|Any CPU
	EndGlobalSection
	GlobalSection(SolutionProperties) = preSolution
		HideSolutionNode = FALSE
	EndGlobalSection
	GlobalSection(ExtensibilityGlobals) = postSolution
		SolutionGuid = {5F377827-2875-4A1C-B2FF-F3E36A7D9A51}
	EndGlobalSection
EndGlobal
